
Microsoft Visual Studio Solution File, Format Version 12.00
# Visual Studio Version 16
VisualStudioVersion = 16.0.32901.82
MinimumVisualStudioVersion = 10.0.40219.1
Project("{FAE04EC0-301F-11D3-BF4B-00C04F79EFBC}") = "Students", "Students\Students.csproj", "{AB5165F4-C403-4C20-B289-422F65D9909D}"
EndProject
Global
	GlobalSection(SolutionConfigurationPlatforms) = preSolution
		Debug|Any CPU = Debug|Any CPU
		Release|Any CPU = Release|Any CPU
	EndGlobalSection
	GlobalSection(ProjectConfigurationPlatforms) = postSolution
		{AB5165F4-C403-4C20-B289-422F65D9909D}.Debug|Any CPU.ActiveCfg = Debug|Any CPU
		{AB5165F4-C403-4C20-B289-422F65D9909D}.Debug|Any CPU.Build.0 = Debug|Any CPU
		{AB5165F4-C403-4C20-B289-422F65D9909D}.Release|Any CPU.ActiveCfg = Release|Any CPU
		{AB5165F4-C403-4C20-B289-422F65D9909D}.Release|Any CPU.Build.0 = Release|Any CPU
	EndGlobalSection
	GlobalSection(SolutionProperties) = preSolution
		HideSolutionNode = FALSE
	EndGlobalSection
	GlobalSection(ExtensibilityGlobals) = postSolution
		SolutionGuid = {C9D805E3-E451-4D10-813E-D921BBB85D0B}
	EndGlobalSection
EndGlobal
